<?xml version="1.0" encoding="utf-8"?>
<Project ToolsVersion="4.0" xmlns="http://schemas.microsoft.com/developer/msbuild/2003">
  <ItemGroup>
    <ClCompile Include="Timming_Win32.c">
      <Filter>Platform\Win32</Filter>
    </ClCompile>
    <ClCompile Include="Engine.c">
      <Filter>Engine</Filter>
    </ClCompile>
    <ClCompile Include="Memory.c">
      <Filter>Engine</Filter>
    </ClCompile>
    <ClCompile Include="Debug_Win32.c">
      <Filter>Platform\Win32</Filter>
    </ClCompile>
    <ClCompile Include="String.c">
      <Filter>Library\String</Filter>
    </ClCompile>
    <ClCompile Include="Memory_Win32.c">
      <Filter>Platform\Win32</Filter>
    </ClCompile>
    <ClCompile Include="Timming.c">
      <Filter>Engine</Filter>
    </ClCompile>
    <ClCompile Include="Queue.c">
      <Filter>Library\Queue</Filter>
    </ClCompile>
    <ClCompile Include="Test.c" />
    <ClCompile Include="Main.c" />
  </ItemGroup>
  <ItemGroup>
    <ClInclude Include="CoreMini.h" />
    <ClInclude Include="Timming.h">
      <Filter>Engine</Filter>
    </ClInclude>
    <ClInclude Include="Engine.h">
      <Filter>Engine</Filter>
    </ClInclude>
    <ClInclude Include="Memory.h">
      <Filter>Engine</Filter>
    </ClInclude>
    <ClInclude Include="String.h">
      <Filter>Library\String</Filter>
    </ClInclude>
    <ClInclude Include="Queue.h">
      <Filter>Library\Queue</Filter>
    </ClInclude>
  </ItemGroup>
  <ItemGroup>
    <Filter Include="Platform">
      <UniqueIdentifier>{1efb071c-5690-4e12-b888-503cf5965edc}</UniqueIdentifier>
    </Filter>
    <Filter Include="Platform\Win32">
      <UniqueIdentifier>{749684f2-bfa0-403e-a309-0a9c21877a7d}</UniqueIdentifier>
    </Filter>
    <Filter Include="Engine">
      <UniqueIdentifier>{36c2ae34-e135-4569-88bd-1bd3eec312a9}</UniqueIdentifier>
    </Filter>
    <Filter Include="Library">
      <UniqueIdentifier>{fdfaac66-8b5b-4ecd-8b64-5a2cbcc9a347}</UniqueIdentifier>
    </Filter>
    <Filter Include="Library\String">
      <UniqueIdentifier>{27c9b47a-8092-43b9-a493-e19a8f8c6861}</UniqueIdentifier>
    </Filter>
    <Filter Include="Library\Queue">
      <UniqueIdentifier>{0370b4e2-929a-4794-b502-4071ba99a44b}</UniqueIdentifier>
    </Filter>
  </ItemGroup>
</Project>