<?xml version="1.0" encoding="utf-8"?>
<Project ToolsVersion="4.0" xmlns="http://schemas.microsoft.com/developer/msbuild/2003">
  <ItemGroup>
    <ClCompile Include="Timming_Win32.c">
      <Filter>Platform\Win32</Filter>
    </ClCompile>
    <ClCompile Include="Engine.c">
      <Filter>Engine</Filter>
    </ClCompile>
    <ClCompile Include="Debug_Win32.c">
      <Filter>Platform\Win32</Filter>
    </ClCompile>
    <ClCompile Include="String.c">
      <Filter>Library\String</Filter>
    </ClCompile>
    <ClCompile Include="Memory_Win32.c">
      <Filter>Platform\Win32</Filter>
    </ClCompile>
    <ClCompile Include="Queue.c">
      <Filter>Library\Queue</Filter>
    </ClCompile>
    <ClCompile Include="Test.c" />
    <ClCompile Include="Main.c" />
    <ClCompile Include="Sence.c">
      <Filter>Sence</Filter>
    </ClCompile>
    <ClCompile Include="Storage.c">
      <Filter>Engine</Filter>
    </ClCompile>
    <ClCompile Include="Event.c">
      <Filter>Event</Filter>
    </ClCompile>
    <ClCompile Include="Render_Win32.c">
      <Filter>Platform\Win32</Filter>
    </ClCompile>
    <ClCompile Include="Actor.c">
      <Filter>Sence\Actor</Filter>
    </ClCompile>
    <ClCompile Include="MemoryManager.c">
      <Filter>Engine</Filter>
    </ClCompile>
    <ClCompile Include="TimmingManager.c">
      <Filter>Engine</Filter>
    </ClCompile>
    <ClCompile Include="Data32.c">
      <Filter>Library\Data32</Filter>
    </ClCompile>
    <ClCompile Include="Vec.c">
      <Filter>Library\Vec</Filter>
    </ClCompile>
    <ClCompile Include="LocationComponent.c">
      <Filter>Sence\Actor\Component</Filter>
    </ClCompile>
    <ClCompile Include="RenderComponent.c">
      <Filter>Sence\Actor\Component</Filter>
    </ClCompile>
    <ClCompile Include="ActorComponent.c">
      <Filter>Sence\Actor</Filter>
    </ClCompile>
    <ClCompile Include="ShaderText.c">
      <Filter>Render</Filter>
    </ClCompile>
    <ClCompile Include="RenderManager.c">
      <Filter>Render</Filter>
    </ClCompile>
    <ClCompile Include="ActionComponent.c">
      <Filter>Sence\Actor\Component</Filter>
    </ClCompile>
    <ClCompile Include="StorageComponent.c">
      <Filter>Sence\Actor\Component</Filter>
    </ClCompile>
  </ItemGroup>
  <ItemGroup>
    <ClInclude Include="CoreMini.h" />
    <ClInclude Include="Engine.h">
      <Filter>Engine</Filter>
    </ClInclude>
    <ClInclude Include="String.h">
      <Filter>Library\String</Filter>
    </ClInclude>
    <ClInclude Include="Queue.h">
      <Filter>Library\Queue</Filter>
    </ClInclude>
    <ClInclude Include="Storage.h">
      <Filter>Engine</Filter>
    </ClInclude>
    <ClInclude Include="Event.h">
      <Filter>Event</Filter>
    </ClInclude>
    <ClInclude Include="Sence.h">
      <Filter>Sence</Filter>
    </ClInclude>
    <ClInclude Include="Actor.h">
      <Filter>Sence\Actor</Filter>
    </ClInclude>
    <ClInclude Include="MemoryManager.h">
      <Filter>Engine</Filter>
    </ClInclude>
    <ClInclude Include="TimmingManager.h">
      <Filter>Engine</Filter>
    </ClInclude>
    <ClInclude Include="Data32.h">
      <Filter>Library\Data32</Filter>
    </ClInclude>
    <ClInclude Include="Vec.h">
      <Filter>Library\Vec</Filter>
    </ClInclude>
    <ClInclude Include="Platform.h" />
    <ClInclude Include="Component.h">
      <Filter>Sence\Actor</Filter>
    </ClInclude>
    <ClInclude Include="RenderComponent.h">
      <Filter>Sence\Actor\Component</Filter>
    </ClInclude>
    <ClInclude Include="LocationComponent.h">
      <Filter>Sence\Actor\Component</Filter>
    </ClInclude>
    <ClInclude Include="ActorComponent.h">
      <Filter>Sence\Actor</Filter>
    </ClInclude>
    <ClInclude Include="ShaderText.h">
      <Filter>Render</Filter>
    </ClInclude>
    <ClInclude Include="RenderManager.h">
      <Filter>Render</Filter>
    </ClInclude>
    <ClInclude Include="ActionComponent.h">
      <Filter>Sence\Actor\Component</Filter>
    </ClInclude>
    <ClInclude Include="StorageComponent.h">
      <Filter>Sence\Actor\Component</Filter>
    </ClInclude>
  </ItemGroup>
  <ItemGroup>
    <Filter Include="Platform">
      <UniqueIdentifier>{1efb071c-5690-4e12-b888-503cf5965edc}</UniqueIdentifier>
    </Filter>
    <Filter Include="Platform\Win32">
      <UniqueIdentifier>{749684f2-bfa0-403e-a309-0a9c21877a7d}</UniqueIdentifier>
    </Filter>
    <Filter Include="Engine">
      <UniqueIdentifier>{36c2ae34-e135-4569-88bd-1bd3eec312a9}</UniqueIdentifier>
    </Filter>
    <Filter Include="Library">
      <UniqueIdentifier>{fdfaac66-8b5b-4ecd-8b64-5a2cbcc9a347}</UniqueIdentifier>
    </Filter>
    <Filter Include="Library\String">
      <UniqueIdentifier>{27c9b47a-8092-43b9-a493-e19a8f8c6861}</UniqueIdentifier>
    </Filter>
    <Filter Include="Library\Queue">
      <UniqueIdentifier>{0370b4e2-929a-4794-b502-4071ba99a44b}</UniqueIdentifier>
    </Filter>
    <Filter Include="Sence">
      <UniqueIdentifier>{cb494a3a-ffc1-47e9-b92b-ac4850117bf0}</UniqueIdentifier>
    </Filter>
    <Filter Include="Event">
      <UniqueIdentifier>{19bc11b5-9e9c-4a38-a8a3-c8e342edac70}</UniqueIdentifier>
    </Filter>
    <Filter Include="Render">
      <UniqueIdentifier>{d5adcd47-4bd5-46ef-9e1d-cfbd285f50cb}</UniqueIdentifier>
    </Filter>
    <Filter Include="Sence\Actor">
      <UniqueIdentifier>{9a4dcc65-aff1-45e9-b61f-cea1b87fc800}</UniqueIdentifier>
    </Filter>
    <Filter Include="Library\Data32">
      <UniqueIdentifier>{3271d12d-2253-4b03-aeb7-559e9c26077d}</UniqueIdentifier>
    </Filter>
    <Filter Include="Library\Vec">
      <UniqueIdentifier>{7fb445ef-924a-4d46-b6e4-d7515349f480}</UniqueIdentifier>
    </Filter>
    <Filter Include="Sence\Actor\Component">
      <UniqueIdentifier>{3f1c0d80-9c00-4d49-b5ba-a44f319225c8}</UniqueIdentifier>
    </Filter>
  </ItemGroup>
  <ItemGroup>
    <Text Include="Todo.txt" />
  </ItemGroup>
</Project>